<?xml version="1.0" encoding="utf-8"?>
<Project ToolsVersion="4.0" xmlns="http://schemas.microsoft.com/developer/msbuild/2003">
  <ItemGroup>
    <Filter Include="Sources">
      <UniqueIdentifier>{9a362663-1192-4668-bb4f-e45a81469532}</UniqueIdentifier>
    </Filter>
  </ItemGroup>
  <ItemGroup>
    <ClCompile Include="Sources\Application.cpp">
      <Filter>Sources</Filter>
    </ClCompile>
    <ClCompile Include="Sources\CommandLine.cpp">
      <Filter>Sources</Filter>
    </ClCompile>
    <ClCompile Include="Sources\Process.cpp">
      <Filter>Sources</Filter>
    </ClCompile>
    <ClCompile Include="Sources\WideString.cpp">
      <Filter>Sources</Filter>
    </ClCompile>
    <ClCompile Include="Sources\Console.cpp">
      <Filter>Sources</Filter>
    </ClCompile>
    <ClCompile Include="Sources\MemoryBlock.cpp">
      <Filter>Sources</Filter>
    </ClCompile>
    <ClCompile Include="Startup.cpp" />
    <ClCompile Include="Sources\Path.cpp">
      <Filter>Sources</Filter>
    </ClCompile>
  </ItemGroup>
  <ItemGroup>
    <ClInclude Include="Sources\Application.hpp">
      <Filter>Sources</Filter>
    </ClInclude>
    <ClInclude Include="Sources\CommandLine.hpp">
      <Filter>Sources</Filter>
    </ClInclude>
    <ClInclude Include="Sources\Console.hpp">
      <Filter>Sources</Filter>
    </ClInclude>
    <ClInclude Include="Sources\MemoryBlock.hpp">
      <Filter>Sources</Filter>
    </ClInclude>
    <ClInclude Include="Sources\Process.hpp">
      <Filter>Sources</Filter>
    </ClInclude>
    <ClInclude Include="Sources\WideString.hpp">
      <Filter>Sources</Filter>
    </ClInclude>
    <ClInclude Include="Sources\Path.hpp">
      <Filter>Sources</Filter>
    </ClInclude>
  </ItemGroup>
</Project>